
Microsoft Visual Studio Solution File, Format Version 12.00
# Visual Studio 2012
Project("{FAE04EC0-301F-11D3-BF4B-00C04F79EFBC}") = "DNA.Data.Documents", "DNA.Data.NoSQL\DNA.Data.Documents.csproj", "{833B7C2F-9A10-4F43-9612-DBE37AD7C2A3}"
EndProject
Global
	GlobalSection(SolutionConfigurationPlatforms) = preSolution
		Debug|Any CPU = Debug|Any CPU
		Release|Any CPU = Release|Any CPU
	EndGlobalSection
	GlobalSection(ProjectConfigurationPlatforms) = postSolution
		{833B7C2F-9A10-4F43-9612-DBE37AD7C2A3}.Debug|Any CPU.ActiveCfg = Debug|Any CPU
		{833B7C2F-9A10-4F43-9612-DBE37AD7C2A3}.Debug|Any CPU.Build.0 = Debug|Any CPU
		{833B7C2F-9A10-4F43-9612-DBE37AD7C2A3}.Release|Any CPU.ActiveCfg = Release|Any CPU
		{833B7C2F-9A10-4F43-9612-DBE37AD7C2A3}.Release|Any CPU.Build.0 = Release|Any CPU
	EndGlobalSection
	GlobalSection(SolutionProperties) = preSolution
		HideSolutionNode = FALSE
	EndGlobalSection
EndGlobal
